
Microsoft Visual Studio Solution File, Format Version 12.00
# Visual Studio Version 17
VisualStudioVersion = 17.7.34031.279
MinimumVisualStudioVersion = 10.0.40219.1
Project("{8BC9CEB8-8B4A-11D0-8D11-00A0C91BC942}") = "ConsoleApplication1", "ConsoleApplication1\ConsoleApplication1.vcxproj", "{FBAF8587-471D-4FBA-9ABA-FFBA63C2EF3E}"
EndProject
Global
	GlobalSection(SolutionConfigurationPlatforms) = preSolution
		Debug|x64 = Debug|x64
		Debug|x86 = Debug|x86
		Release|x64 = Release|x64
		Release|x86 = Release|x86
	EndGlobalSection
	GlobalSection(ProjectConfigurationPlatforms) = postSolution
		{FBAF8587-471D-4FBA-9ABA-FFBA63C2EF3E}.Debug|x64.ActiveCfg = Debug|x64
		{FBAF8587-471D-4FBA-9ABA-FFBA63C2EF3E}.Debug|x64.Build.0 = Debug|x64
		{FBAF8587-471D-4FBA-9ABA-FFBA63C2EF3E}.Debug|x86.ActiveCfg = Debug|Win32
		{FBAF8587-471D-4FBA-9ABA-FFBA63C2EF3E}.Debug|x86.Build.0 = Debug|Win32
		{FBAF8587-471D-4FBA-9ABA-FFBA63C2EF3E}.Release|x64.ActiveCfg = Release|x64
		{FBAF8587-471D-4FBA-9ABA-FFBA63C2EF3E}.Release|x64.Build.0 = Release|x64
		{FBAF8587-471D-4FBA-9ABA-FFBA63C2EF3E}.Release|x86.ActiveCfg = Release|Win32
		{FBAF8587-471D-4FBA-9ABA-FFBA63C2EF3E}.Release|x86.Build.0 = Release|Win32
	EndGlobalSection
	GlobalSection(SolutionProperties) = preSolution
		HideSolutionNode = FALSE
	EndGlobalSection
	GlobalSection(ExtensibilityGlobals) = postSolution
		SolutionGuid = {B19DE4E4-FADA-43F6-A327-2C158C3CE2CD}
	EndGlobalSection
EndGlobal
